
Microsoft Visual Studio Solution File, Format Version 12.00
# Visual Studio 15
VisualStudioVersion = 15.0.28307.106
MinimumVisualStudioVersion = 10.0.40219.1
Project("{FAE04EC0-301F-11D3-BF4B-00C04F79EFBC}") = "KDrGoldARX", "KDrGoldARX\KDrGoldARX.csproj", "{04831448-48F0-4816-90AC-C0F18F02440E}"
EndProject
Project("{FAE04EC0-301F-11D3-BF4B-00C04F79EFBC}") = "ARXToKDRGold", "ARXToKDRGold\ARXToKDRGold.csproj", "{4FF9307C-3429-46A8-88C1-A74365C01A1A}"
EndProject
Project("{FAE04EC0-301F-11D3-BF4B-00C04F79EFBC}") = "ARXTesting", "ARXTesting\ARXTesting.csproj", "{F323DAFE-470F-41C3-8C80-50B217F37779}"
EndProject
Project("{FAE04EC0-301F-11D3-BF4B-00C04F79EFBC}") = "KDRGoldConoslenoCore", "KDRGoldConoslenoCore\KDRGoldConoslenoCore.csproj", "{1D9C1017-F63F-450E-ADD1-C21BA5E8899E}"
EndProject
Global
	GlobalSection(SolutionConfigurationPlatforms) = preSolution
		Debug|Any CPU = Debug|Any CPU
		Release|Any CPU = Release|Any CPU
	EndGlobalSection
	GlobalSection(ProjectConfigurationPlatforms) = postSolution
		{04831448-48F0-4816-90AC-C0F18F02440E}.Debug|Any CPU.ActiveCfg = Debug|Any CPU
		{04831448-48F0-4816-90AC-C0F18F02440E}.Debug|Any CPU.Build.0 = Debug|Any CPU
		{04831448-48F0-4816-90AC-C0F18F02440E}.Release|Any CPU.ActiveCfg = Release|Any CPU
		{04831448-48F0-4816-90AC-C0F18F02440E}.Release|Any CPU.Build.0 = Release|Any CPU
		{4FF9307C-3429-46A8-88C1-A74365C01A1A}.Debug|Any CPU.ActiveCfg = Debug|Any CPU
		{4FF9307C-3429-46A8-88C1-A74365C01A1A}.Debug|Any CPU.Build.0 = Debug|Any CPU
		{4FF9307C-3429-46A8-88C1-A74365C01A1A}.Release|Any CPU.ActiveCfg = Release|Any CPU
		{4FF9307C-3429-46A8-88C1-A74365C01A1A}.Release|Any CPU.Build.0 = Release|Any CPU
		{F323DAFE-470F-41C3-8C80-50B217F37779}.Debug|Any CPU.ActiveCfg = Debug|Any CPU
		{F323DAFE-470F-41C3-8C80-50B217F37779}.Debug|Any CPU.Build.0 = Debug|Any CPU
		{F323DAFE-470F-41C3-8C80-50B217F37779}.Release|Any CPU.ActiveCfg = Release|Any CPU
		{F323DAFE-470F-41C3-8C80-50B217F37779}.Release|Any CPU.Build.0 = Release|Any CPU
		{1D9C1017-F63F-450E-ADD1-C21BA5E8899E}.Debug|Any CPU.ActiveCfg = Debug|Any CPU
		{1D9C1017-F63F-450E-ADD1-C21BA5E8899E}.Debug|Any CPU.Build.0 = Debug|Any CPU
		{1D9C1017-F63F-450E-ADD1-C21BA5E8899E}.Release|Any CPU.ActiveCfg = Release|Any CPU
		{1D9C1017-F63F-450E-ADD1-C21BA5E8899E}.Release|Any CPU.Build.0 = Release|Any CPU
	EndGlobalSection
	GlobalSection(SolutionProperties) = preSolution
		HideSolutionNode = FALSE
	EndGlobalSection
	GlobalSection(ExtensibilityGlobals) = postSolution
		SolutionGuid = {278C7991-D6C0-4CCB-BBC4-5724322BB9B1}
	EndGlobalSection
EndGlobal
